// !$*UTF8*$!
{
	archiveVersion = 1;
	classes = {
	};
	objectVersion = 55;
	objects = {

/* Begin PBXBuildFile section */
		6F28FBA5FB39873CD08AA695 /* Pods_BIT_Reminder.framework in Frameworks */ = {isa = PBXBuildFile; fileRef = D1CD5190B349858D99F73037 /* Pods_BIT_Reminder.framework */; };
		8D6B80BF2AA8617D009DF810 /* Localizable.strings in Resources */ = {isa = PBXBuildFile; fileRef = 8D6B80BD2AA8617D009DF810 /* Localizable.strings */; };
		8D6B80C52AA861A5009DF810 /* StoryboardScenes.swift in Sources */ = {isa = PBXBuildFile; fileRef = 8D6B80C02AA861A5009DF810 /* StoryboardScenes.swift */; };
		8D6B80C62AA861A5009DF810 /* Assets.swift in Sources */ = {isa = PBXBuildFile; fileRef = 8D6B80C12AA861A5009DF810 /* Assets.swift */; };
		8D6B80C72AA861A5009DF810 /* StoryboardSegues.swift in Sources */ = {isa = PBXBuildFile; fileRef = 8D6B80C22AA861A5009DF810 /* StoryboardSegues.swift */; };
		8D6B80C82AA861A5009DF810 /* Strings.swift in Sources */ = {isa = PBXBuildFile; fileRef = 8D6B80C32AA861A5009DF810 /* Strings.swift */; };
		8D6B80C92AA861A5009DF810 /* Fonts.swift in Sources */ = {isa = PBXBuildFile; fileRef = 8D6B80C42AA861A5009DF810 /* Fonts.swift */; };
		8D6B80CB2AA881BF009DF810 /* Authentification.storyboard in Resources */ = {isa = PBXBuildFile; fileRef = 8D6B80CA2AA881BF009DF810 /* Authentification.storyboard */; };
		8D6B80CE2AA881EC009DF810 /* SplashScreenViewController.swift in Sources */ = {isa = PBXBuildFile; fileRef = 8D6B80CD2AA881EC009DF810 /* SplashScreenViewController.swift */; };
		8D6B80D02AA88201009DF810 /* SplashScreenView.swift in Sources */ = {isa = PBXBuildFile; fileRef = 8D6B80CF2AA88201009DF810 /* SplashScreenView.swift */; };
		8D6B80D22AA88213009DF810 /* SplashScreenPresenter.swift in Sources */ = {isa = PBXBuildFile; fileRef = 8D6B80D12AA88213009DF810 /* SplashScreenPresenter.swift */; };
		8D6B80D52AA88451009DF810 /* BaseViewController.swift in Sources */ = {isa = PBXBuildFile; fileRef = 8D6B80D42AA88451009DF810 /* BaseViewController.swift */; };
		8D6B80D72AA885A5009DF810 /* FlowController.swift in Sources */ = {isa = PBXBuildFile; fileRef = 8D6B80D62AA885A5009DF810 /* FlowController.swift */; };
		8D6B80D92AA885E0009DF810 /* AuthentificationFlowController.swift in Sources */ = {isa = PBXBuildFile; fileRef = 8D6B80D82AA885E0009DF810 /* AuthentificationFlowController.swift */; };
		8D6B80DB2AA887C1009DF810 /* UIWindow+RootTransitionExtension.swift in Sources */ = {isa = PBXBuildFile; fileRef = 8D6B80DA2AA887C1009DF810 /* UIWindow+RootTransitionExtension.swift */; };
		8D6F5CEB2AA3EABF006184CC /* AppDelegate.swift in Sources */ = {isa = PBXBuildFile; fileRef = 8D6F5CEA2AA3EABF006184CC /* AppDelegate.swift */; };
		8D6F5CED2AA3EABF006184CC /* SceneDelegate.swift in Sources */ = {isa = PBXBuildFile; fileRef = 8D6F5CEC2AA3EABF006184CC /* SceneDelegate.swift */; };
		8D6F5CEF2AA3EABF006184CC /* ViewController.swift in Sources */ = {isa = PBXBuildFile; fileRef = 8D6F5CEE2AA3EABF006184CC /* ViewController.swift */; };
		8D6F5CF42AA3EAC0006184CC /* Assets.xcassets in Resources */ = {isa = PBXBuildFile; fileRef = 8D6F5CF32AA3EAC0006184CC /* Assets.xcassets */; };
		8D95136E2AAA184E00A30E9B /* HomeViewController.swift in Sources */ = {isa = PBXBuildFile; fileRef = 8D95136D2AAA184E00A30E9B /* HomeViewController.swift */; };
		8D9513702AAA185D00A30E9B /* HomeView.swift in Sources */ = {isa = PBXBuildFile; fileRef = 8D95136F2AAA185D00A30E9B /* HomeView.swift */; };
		8D9513722AAA186800A30E9B /* HomeViewPresenter.swift in Sources */ = {isa = PBXBuildFile; fileRef = 8D9513712AAA186800A30E9B /* HomeViewPresenter.swift */; };
		8D9513742AAAFDA700A30E9B /* LoginViewController.swift in Sources */ = {isa = PBXBuildFile; fileRef = 8D9513732AAAFDA700A30E9B /* LoginViewController.swift */; };
		8D9513762AAAFDB500A30E9B /* LoginView.swift in Sources */ = {isa = PBXBuildFile; fileRef = 8D9513752AAAFDB500A30E9B /* LoginView.swift */; };
		8D9513782AAAFDC100A30E9B /* LoginViewPresenter.swift in Sources */ = {isa = PBXBuildFile; fileRef = 8D9513772AAAFDC100A30E9B /* LoginViewPresenter.swift */; };
		8D95137B2AAB090500A30E9B /* RegistrationViewController.swift in Sources */ = {isa = PBXBuildFile; fileRef = 8D95137A2AAB090500A30E9B /* RegistrationViewController.swift */; };
		8D95137D2AAB091400A30E9B /* RegistrationView.swift in Sources */ = {isa = PBXBuildFile; fileRef = 8D95137C2AAB091400A30E9B /* RegistrationView.swift */; };
		8D95137F2AAB092100A30E9B /* RegistrationPresenter.swift in Sources */ = {isa = PBXBuildFile; fileRef = 8D95137E2AAB092100A30E9B /* RegistrationPresenter.swift */; };
		8D9513812AAB309A00A30E9B /* BaseAPI.swift in Sources */ = {isa = PBXBuildFile; fileRef = 8D9513802AAB309A00A30E9B /* BaseAPI.swift */; };
		8D9513842AAB327A00A30E9B /* Supabase in Frameworks */ = {isa = PBXBuildFile; productRef = 8D9513832AAB327A00A30E9B /* Supabase */; };
/* End PBXBuildFile section */

/* Begin PBXFileReference section */
		6F4ED9D45104BC656CBEF8E6 /* Pods-BIT Reminder.release.xcconfig */ = {isa = PBXFileReference; includeInIndex = 1; lastKnownFileType = text.xcconfig; name = "Pods-BIT Reminder.release.xcconfig"; path = "Target Support Files/Pods-BIT Reminder/Pods-BIT Reminder.release.xcconfig"; sourceTree = "<group>"; };
		7B43CDD8A64CF72BA1F51449 /* Pods-BIT Reminder.debug.xcconfig */ = {isa = PBXFileReference; includeInIndex = 1; lastKnownFileType = text.xcconfig; name = "Pods-BIT Reminder.debug.xcconfig"; path = "Target Support Files/Pods-BIT Reminder/Pods-BIT Reminder.debug.xcconfig"; sourceTree = "<group>"; };
		8D6B80BE2AA8617D009DF810 /* en */ = {isa = PBXFileReference; lastKnownFileType = text.plist.strings; name = en; path = Localizable.strings; sourceTree = "<group>"; };
		8D6B80C02AA861A5009DF810 /* StoryboardScenes.swift */ = {isa = PBXFileReference; fileEncoding = 4; lastKnownFileType = sourcecode.swift; path = StoryboardScenes.swift; sourceTree = "<group>"; };
		8D6B80C12AA861A5009DF810 /* Assets.swift */ = {isa = PBXFileReference; fileEncoding = 4; lastKnownFileType = sourcecode.swift; path = Assets.swift; sourceTree = "<group>"; };
		8D6B80C22AA861A5009DF810 /* StoryboardSegues.swift */ = {isa = PBXFileReference; fileEncoding = 4; lastKnownFileType = sourcecode.swift; path = StoryboardSegues.swift; sourceTree = "<group>"; };
		8D6B80C32AA861A5009DF810 /* Strings.swift */ = {isa = PBXFileReference; fileEncoding = 4; lastKnownFileType = sourcecode.swift; path = Strings.swift; sourceTree = "<group>"; };
		8D6B80C42AA861A5009DF810 /* Fonts.swift */ = {isa = PBXFileReference; fileEncoding = 4; lastKnownFileType = sourcecode.swift; path = Fonts.swift; sourceTree = "<group>"; };
		8D6B80CA2AA881BF009DF810 /* Authentification.storyboard */ = {isa = PBXFileReference; lastKnownFileType = file.storyboard; path = Authentification.storyboard; sourceTree = "<group>"; };
		8D6B80CD2AA881EC009DF810 /* SplashScreenViewController.swift */ = {isa = PBXFileReference; lastKnownFileType = sourcecode.swift; path = SplashScreenViewController.swift; sourceTree = "<group>"; };
		8D6B80CF2AA88201009DF810 /* SplashScreenView.swift */ = {isa = PBXFileReference; lastKnownFileType = sourcecode.swift; path = SplashScreenView.swift; sourceTree = "<group>"; };
		8D6B80D12AA88213009DF810 /* SplashScreenPresenter.swift */ = {isa = PBXFileReference; lastKnownFileType = sourcecode.swift; path = SplashScreenPresenter.swift; sourceTree = "<group>"; };
		8D6B80D42AA88451009DF810 /* BaseViewController.swift */ = {isa = PBXFileReference; lastKnownFileType = sourcecode.swift; path = BaseViewController.swift; sourceTree = "<group>"; };
		8D6B80D62AA885A5009DF810 /* FlowController.swift */ = {isa = PBXFileReference; lastKnownFileType = sourcecode.swift; path = FlowController.swift; sourceTree = "<group>"; };
		8D6B80D82AA885E0009DF810 /* AuthentificationFlowController.swift */ = {isa = PBXFileReference; lastKnownFileType = sourcecode.swift; path = AuthentificationFlowController.swift; sourceTree = "<group>"; };
		8D6B80DA2AA887C1009DF810 /* UIWindow+RootTransitionExtension.swift */ = {isa = PBXFileReference; lastKnownFileType = sourcecode.swift; path = "UIWindow+RootTransitionExtension.swift"; sourceTree = "<group>"; };
		8D6F5CE72AA3EABF006184CC /* BIT Reminder.app */ = {isa = PBXFileReference; explicitFileType = wrapper.application; includeInIndex = 0; path = "BIT Reminder.app"; sourceTree = BUILT_PRODUCTS_DIR; };
		8D6F5CEA2AA3EABF006184CC /* AppDelegate.swift */ = {isa = PBXFileReference; lastKnownFileType = sourcecode.swift; path = AppDelegate.swift; sourceTree = "<group>"; };
		8D6F5CEC2AA3EABF006184CC /* SceneDelegate.swift */ = {isa = PBXFileReference; lastKnownFileType = sourcecode.swift; path = SceneDelegate.swift; sourceTree = "<group>"; };
		8D6F5CEE2AA3EABF006184CC /* ViewController.swift */ = {isa = PBXFileReference; lastKnownFileType = sourcecode.swift; path = ViewController.swift; sourceTree = "<group>"; };
		8D6F5CF32AA3EAC0006184CC /* Assets.xcassets */ = {isa = PBXFileReference; lastKnownFileType = folder.assetcatalog; path = Assets.xcassets; sourceTree = "<group>"; };
		8D6F5CF82AA3EAC0006184CC /* Info.plist */ = {isa = PBXFileReference; lastKnownFileType = text.plist.xml; path = Info.plist; sourceTree = "<group>"; };
		8D95136D2AAA184E00A30E9B /* HomeViewController.swift */ = {isa = PBXFileReference; lastKnownFileType = sourcecode.swift; path = HomeViewController.swift; sourceTree = "<group>"; };
		8D95136F2AAA185D00A30E9B /* HomeView.swift */ = {isa = PBXFileReference; lastKnownFileType = sourcecode.swift; path = HomeView.swift; sourceTree = "<group>"; };
		8D9513712AAA186800A30E9B /* HomeViewPresenter.swift */ = {isa = PBXFileReference; lastKnownFileType = sourcecode.swift; path = HomeViewPresenter.swift; sourceTree = "<group>"; };
		8D9513732AAAFDA700A30E9B /* LoginViewController.swift */ = {isa = PBXFileReference; lastKnownFileType = sourcecode.swift; path = LoginViewController.swift; sourceTree = "<group>"; };
		8D9513752AAAFDB500A30E9B /* LoginView.swift */ = {isa = PBXFileReference; lastKnownFileType = sourcecode.swift; path = LoginView.swift; sourceTree = "<group>"; };
		8D9513772AAAFDC100A30E9B /* LoginViewPresenter.swift */ = {isa = PBXFileReference; lastKnownFileType = sourcecode.swift; path = LoginViewPresenter.swift; sourceTree = "<group>"; };
		8D95137A2AAB090500A30E9B /* RegistrationViewController.swift */ = {isa = PBXFileReference; lastKnownFileType = sourcecode.swift; path = RegistrationViewController.swift; sourceTree = "<group>"; };
		8D95137C2AAB091400A30E9B /* RegistrationView.swift */ = {isa = PBXFileReference; lastKnownFileType = sourcecode.swift; path = RegistrationView.swift; sourceTree = "<group>"; };
		8D95137E2AAB092100A30E9B /* RegistrationPresenter.swift */ = {isa = PBXFileReference; lastKnownFileType = sourcecode.swift; path = RegistrationPresenter.swift; sourceTree = "<group>"; };
		8D9513802AAB309A00A30E9B /* BaseAPI.swift */ = {isa = PBXFileReference; lastKnownFileType = sourcecode.swift; path = BaseAPI.swift; sourceTree = "<group>"; };
		D1CD5190B349858D99F73037 /* Pods_BIT_Reminder.framework */ = {isa = PBXFileReference; explicitFileType = wrapper.framework; includeInIndex = 0; path = Pods_BIT_Reminder.framework; sourceTree = BUILT_PRODUCTS_DIR; };
/* End PBXFileReference section */

/* Begin PBXFrameworksBuildPhase section */
		8D6F5CE42AA3EABF006184CC /* Frameworks */ = {
			isa = PBXFrameworksBuildPhase;
			buildActionMask = 2147483647;
			files = (
				8D9513842AAB327A00A30E9B /* Supabase in Frameworks */,
				6F28FBA5FB39873CD08AA695 /* Pods_BIT_Reminder.framework in Frameworks */,
			);
			runOnlyForDeploymentPostprocessing = 0;
		};
/* End PBXFrameworksBuildPhase section */

/* Begin PBXGroup section */
		8D6B80A62AA78A43009DF810 /* Api */ = {
			isa = PBXGroup;
			children = (
				8D9513802AAB309A00A30E9B /* BaseAPI.swift */,
			);
			path = Api;
			sourceTree = "<group>";
		};
		8D6B80A72AA78A4F009DF810 /* AppDelegate */ = {
			isa = PBXGroup;
			children = (
				8D6F5CEC2AA3EABF006184CC /* SceneDelegate.swift */,
				8D6F5CEA2AA3EABF006184CC /* AppDelegate.swift */,
			);
			path = AppDelegate;
			sourceTree = "<group>";
		};
		8D6B80A82AA78A63009DF810 /* Assets */ = {
			isa = PBXGroup;
			children = (
				8D6B80BC2AA86163009DF810 /* en.lproj */,
				8D6B80B72AA8571D009DF810 /* Fonts */,
				8D6F5CF32AA3EAC0006184CC /* Assets.xcassets */,
			);
			path = Assets;
			sourceTree = "<group>";
		};
		8D6B80A92AA78A91009DF810 /* Config */ = {
			isa = PBXGroup;
			children = (
				8D6B80AA2AA78A9B009DF810 /* SwiftGen */,
			);
			path = Config;
			sourceTree = "<group>";
		};
		8D6B80AA2AA78A9B009DF810 /* SwiftGen */ = {
			isa = PBXGroup;
			children = (
				8D6B80C12AA861A5009DF810 /* Assets.swift */,
				8D6B80C42AA861A5009DF810 /* Fonts.swift */,
				8D6B80C02AA861A5009DF810 /* StoryboardScenes.swift */,
				8D6B80C22AA861A5009DF810 /* StoryboardSegues.swift */,
				8D6B80C32AA861A5009DF810 /* Strings.swift */,
			);
			path = SwiftGen;
			sourceTree = "<group>";
		};
		8D6B80AB2AA78AAE009DF810 /* FlowControllers */ = {
			isa = PBXGroup;
			children = (
				8D6B80D62AA885A5009DF810 /* FlowController.swift */,
				8D6B80D82AA885E0009DF810 /* AuthentificationFlowController.swift */,
			);
			path = FlowControllers;
			sourceTree = "<group>";
		};
		8D6B80AC2AA78ABB009DF810 /* Extensions */ = {
			isa = PBXGroup;
			children = (
				8D6B80DA2AA887C1009DF810 /* UIWindow+RootTransitionExtension.swift */,
			);
			path = Extensions;
			sourceTree = "<group>";
		};
		8D6B80AD2AA78ACB009DF810 /* Helpers */ = {
			isa = PBXGroup;
			children = (
			);
			path = Helpers;
			sourceTree = "<group>";
		};
		8D6B80AE2AA78ADB009DF810 /* Mapper */ = {
			isa = PBXGroup;
			children = (
			);
			path = Mapper;
			sourceTree = "<group>";
		};
		8D6B80AF2AA78AE4009DF810 /* Misc */ = {
			isa = PBXGroup;
			children = (
			);
			path = Misc;
			sourceTree = "<group>";
		};
		8D6B80B02AA78AEF009DF810 /* Models */ = {
			isa = PBXGroup;
			children = (
			);
			path = Models;
			sourceTree = "<group>";
		};
		8D6B80B12AA78AF9009DF810 /* Storyboards */ = {
			isa = PBXGroup;
			children = (
				8D6B80CA2AA881BF009DF810 /* Authentification.storyboard */,
			);
			path = Storyboards;
			sourceTree = "<group>";
		};
		8D6B80B22AA78B08009DF810 /* CustomViews */ = {
			isa = PBXGroup;
			children = (
			);
			path = CustomViews;
			sourceTree = "<group>";
		};
		8D6B80B32AA78B17009DF810 /* MVPGroups */ = {
			isa = PBXGroup;
			children = (
				8D9513792AAB08E800A30E9B /* RegisterScreen */,
				8D95136C2AAA167F00A30E9B /* LoginMVP */,
				8D95136B2AAA167600A30E9B /* HomeMVP */,
				8D6B80D32AA88433009DF810 /* BaseMVP */,
				8D6B80CC2AA881CB009DF810 /* SplashScreenMVP */,
				8D6F5CEE2AA3EABF006184CC /* ViewController.swift */,
			);
			path = MVPGroups;
			sourceTree = "<group>";
		};
		8D6B80B72AA8571D009DF810 /* Fonts */ = {
			isa = PBXGroup;
			children = (
			);
			path = Fonts;
			sourceTree = "<group>";
		};
		8D6B80BC2AA86163009DF810 /* en.lproj */ = {
			isa = PBXGroup;
			children = (
				8D6B80BD2AA8617D009DF810 /* Localizable.strings */,
			);
			path = en.lproj;
			sourceTree = "<group>";
		};
		8D6B80CC2AA881CB009DF810 /* SplashScreenMVP */ = {
			isa = PBXGroup;
			children = (
				8D6B80CD2AA881EC009DF810 /* SplashScreenViewController.swift */,
				8D6B80CF2AA88201009DF810 /* SplashScreenView.swift */,
				8D6B80D12AA88213009DF810 /* SplashScreenPresenter.swift */,
			);
			path = SplashScreenMVP;
			sourceTree = "<group>";
		};
		8D6B80D32AA88433009DF810 /* BaseMVP */ = {
			isa = PBXGroup;
			children = (
				8D6B80D42AA88451009DF810 /* BaseViewController.swift */,
			);
			path = BaseMVP;
			sourceTree = "<group>";
		};
		8D6F5CDE2AA3EABF006184CC = {
			isa = PBXGroup;
			children = (
				8D6F5CE92AA3EABF006184CC /* BIT Reminder */,
				8D6F5CE82AA3EABF006184CC /* Products */,
				8F2EAC3CDAB279FE1F3F0FC0 /* Pods */,
				9E229E47FAEF1E7188620A43 /* Frameworks */,
			);
			sourceTree = "<group>";
		};
		8D6F5CE82AA3EABF006184CC /* Products */ = {
			isa = PBXGroup;
			children = (
				8D6F5CE72AA3EABF006184CC /* BIT Reminder.app */,
			);
			name = Products;
			sourceTree = "<group>";
		};
		8D6F5CE92AA3EABF006184CC /* BIT Reminder */ = {
			isa = PBXGroup;
			children = (
				8D6F5CF82AA3EAC0006184CC /* Info.plist */,
				8D6B80A62AA78A43009DF810 /* Api */,
				8D6B80A72AA78A4F009DF810 /* AppDelegate */,
				8D6B80A82AA78A63009DF810 /* Assets */,
				8D6B80A92AA78A91009DF810 /* Config */,
				8D6B80AC2AA78ABB009DF810 /* Extensions */,
				8D6B80AD2AA78ACB009DF810 /* Helpers */,
				8D6B80AE2AA78ADB009DF810 /* Mapper */,
				8D6B80AF2AA78AE4009DF810 /* Misc */,
				8D6B80B02AA78AEF009DF810 /* Models */,
				8D6B80B12AA78AF9009DF810 /* Storyboards */,
				8D6B80AB2AA78AAE009DF810 /* FlowControllers */,
				8D6B80B22AA78B08009DF810 /* CustomViews */,
				8D6B80B32AA78B17009DF810 /* MVPGroups */,
			);
			path = "BIT Reminder";
			sourceTree = "<group>";
		};
		8D95136B2AAA167600A30E9B /* HomeMVP */ = {
			isa = PBXGroup;
			children = (
				8D95136D2AAA184E00A30E9B /* HomeViewController.swift */,
				8D95136F2AAA185D00A30E9B /* HomeView.swift */,
				8D9513712AAA186800A30E9B /* HomeViewPresenter.swift */,
			);
			path = HomeMVP;
			sourceTree = "<group>";
		};
		8D95136C2AAA167F00A30E9B /* LoginMVP */ = {
			isa = PBXGroup;
			children = (
				8D9513732AAAFDA700A30E9B /* LoginViewController.swift */,
				8D9513752AAAFDB500A30E9B /* LoginView.swift */,
				8D9513772AAAFDC100A30E9B /* LoginViewPresenter.swift */,
			);
			path = LoginMVP;
			sourceTree = "<group>";
		};
		8D9513792AAB08E800A30E9B /* RegisterScreen */ = {
			isa = PBXGroup;
			children = (
				8D95137A2AAB090500A30E9B /* RegistrationViewController.swift */,
				8D95137C2AAB091400A30E9B /* RegistrationView.swift */,
				8D95137E2AAB092100A30E9B /* RegistrationPresenter.swift */,
			);
			path = RegisterScreen;
			sourceTree = "<group>";
		};
		8F2EAC3CDAB279FE1F3F0FC0 /* Pods */ = {
			isa = PBXGroup;
			children = (
				7B43CDD8A64CF72BA1F51449 /* Pods-BIT Reminder.debug.xcconfig */,
				6F4ED9D45104BC656CBEF8E6 /* Pods-BIT Reminder.release.xcconfig */,
			);
			path = Pods;
			sourceTree = "<group>";
		};
		9E229E47FAEF1E7188620A43 /* Frameworks */ = {
			isa = PBXGroup;
			children = (
				D1CD5190B349858D99F73037 /* Pods_BIT_Reminder.framework */,
			);
			name = Frameworks;
			sourceTree = "<group>";
		};
/* End PBXGroup section */

/* Begin PBXNativeTarget section */
		8D6F5CE62AA3EABF006184CC /* BIT Reminder */ = {
			isa = PBXNativeTarget;
			buildConfigurationList = 8D6F5CFB2AA3EAC0006184CC /* Build configuration list for PBXNativeTarget "BIT Reminder" */;
			buildPhases = (
				CA53AFEF6077121E7ED8794F /* [CP] Check Pods Manifest.lock */,
				8D6B80B42AA85654009DF810 /* SwiftGen */,
				8D6B80BA2AA85BAB009DF810 /* SwiftLint */,
				8D6F5CE32AA3EABF006184CC /* Sources */,
				8D6F5CE42AA3EABF006184CC /* Frameworks */,
				8D6F5CE52AA3EABF006184CC /* Resources */,
			);
			buildRules = (
			);
			dependencies = (
			);
			name = "BIT Reminder";
			packageProductDependencies = (
				8D9513832AAB327A00A30E9B /* Supabase */,
			);
			productName = "BIT Reminder";
			productReference = 8D6F5CE72AA3EABF006184CC /* BIT Reminder.app */;
			productType = "com.apple.product-type.application";
		};
/* End PBXNativeTarget section */

/* Begin PBXProject section */
		8D6F5CDF2AA3EABF006184CC /* Project object */ = {
			isa = PBXProject;
			attributes = {
				BuildIndependentTargetsInParallel = 1;
				LastSwiftUpdateCheck = 1320;
				LastUpgradeCheck = 1320;
				TargetAttributes = {
					8D6F5CE62AA3EABF006184CC = {
						CreatedOnToolsVersion = 13.2.1;
					};
				};
			};
			buildConfigurationList = 8D6F5CE22AA3EABF006184CC /* Build configuration list for PBXProject "BIT Reminder" */;
			compatibilityVersion = "Xcode 13.0";
			developmentRegion = en;
			hasScannedForEncodings = 0;
			knownRegions = (
				en,
				Base,
			);
			mainGroup = 8D6F5CDE2AA3EABF006184CC;
			packageReferences = (
				8D9513822AAB327A00A30E9B /* XCRemoteSwiftPackageReference "supabase-swift" */,
			);
			productRefGroup = 8D6F5CE82AA3EABF006184CC /* Products */;
			projectDirPath = "";
			projectRoot = "";
			targets = (
				8D6F5CE62AA3EABF006184CC /* BIT Reminder */,
			);
		};
/* End PBXProject section */

/* Begin PBXResourcesBuildPhase section */
		8D6F5CE52AA3EABF006184CC /* Resources */ = {
			isa = PBXResourcesBuildPhase;
			buildActionMask = 2147483647;
			files = (
				8D6B80BF2AA8617D009DF810 /* Localizable.strings in Resources */,
				8D6B80CB2AA881BF009DF810 /* Authentification.storyboard in Resources */,
				8D6F5CF42AA3EAC0006184CC /* Assets.xcassets in Resources */,
			);
			runOnlyForDeploymentPostprocessing = 0;
		};
/* End PBXResourcesBuildPhase section */

/* Begin PBXShellScriptBuildPhase section */
		8D6B80B42AA85654009DF810 /* SwiftGen */ = {
			isa = PBXShellScriptBuildPhase;
			buildActionMask = 2147483647;
			files = (
			);
			inputFileListPaths = (
			);
			inputPaths = (
				"$(SRCROOT)/swiftgen.yml",
			);
			name = SwiftGen;
			outputFileListPaths = (
			);
			outputPaths = (
			);
			runOnlyForDeploymentPostprocessing = 0;
			shellPath = /bin/sh;
			shellScript = "# Type a script or drag a script file from your workspace to insert its path.\n#if which $PODS_ROOT/SwiftGen/bin/swiftgen >/dev/null; then\n#$PODS_ROOT/SwiftGen/bin/swiftgen config run\n#else\n#echo \"warning: SwiftGen not installed, download it from https://github.com/AliSoftware/SwiftGen\"\n#fi\nif [[ -f \"${PODS_ROOT}/SwiftGen/bin/swiftgen\" ]]; then\n  \"${PODS_ROOT}/SwiftGen/bin/swiftgen\"\nelse\n  echo \"warning: SwiftGen is not installed. Run 'pod install --repo-update' to install it.\"\nfi\n";
		};
		8D6B80BA2AA85BAB009DF810 /* SwiftLint */ = {
			isa = PBXShellScriptBuildPhase;
			buildActionMask = 2147483647;
			files = (
			);
			inputFileListPaths = (
			);
			inputPaths = (
			);
			name = SwiftLint;
			outputFileListPaths = (
			);
			outputPaths = (
			);
			runOnlyForDeploymentPostprocessing = 0;
			shellPath = /bin/sh;
			shellScript = "# Type a script or drag a script file from your workspace to insert its path.\n\"${PODS_ROOT}/SwiftLint/swiftlint\"\n";
		};
		CA53AFEF6077121E7ED8794F /* [CP] Check Pods Manifest.lock */ = {
			isa = PBXShellScriptBuildPhase;
			buildActionMask = 2147483647;
			files = (
			);
			inputFileListPaths = (
			);
			inputPaths = (
				"${PODS_PODFILE_DIR_PATH}/Podfile.lock",
				"${PODS_ROOT}/Manifest.lock",
			);
			name = "[CP] Check Pods Manifest.lock";
			outputFileListPaths = (
			);
			outputPaths = (
				"$(DERIVED_FILE_DIR)/Pods-BIT Reminder-checkManifestLockResult.txt",
			);
			runOnlyForDeploymentPostprocessing = 0;
			shellPath = /bin/sh;
			shellScript = "diff \"${PODS_PODFILE_DIR_PATH}/Podfile.lock\" \"${PODS_ROOT}/Manifest.lock\" > /dev/null\nif [ $? != 0 ] ; then\n    # print error to STDERR\n    echo \"error: The sandbox is not in sync with the Podfile.lock. Run 'pod install' or update your CocoaPods installation.\" >&2\n    exit 1\nfi\n# This output is used by Xcode 'outputs' to avoid re-running this script phase.\necho \"SUCCESS\" > \"${SCRIPT_OUTPUT_FILE_0}\"\n";
			showEnvVarsInLog = 0;
		};
/* End PBXShellScriptBuildPhase section */

/* Begin PBXSourcesBuildPhase section */
		8D6F5CE32AA3EABF006184CC /* Sources */ = {
			isa = PBXSourcesBuildPhase;
			buildActionMask = 2147483647;
			files = (
				8D6B80C92AA861A5009DF810 /* Fonts.swift in Sources */,
				8D95137B2AAB090500A30E9B /* RegistrationViewController.swift in Sources */,
				8D6B80D22AA88213009DF810 /* SplashScreenPresenter.swift in Sources */,
				8D6B80D92AA885E0009DF810 /* AuthentificationFlowController.swift in Sources */,
				8D6B80C72AA861A5009DF810 /* StoryboardSegues.swift in Sources */,
				8D9513742AAAFDA700A30E9B /* LoginViewController.swift in Sources */,
				8D9513722AAA186800A30E9B /* HomeViewPresenter.swift in Sources */,
				8D95137F2AAB092100A30E9B /* RegistrationPresenter.swift in Sources */,
				8D6B80CE2AA881EC009DF810 /* SplashScreenViewController.swift in Sources */,
				8D9513702AAA185D00A30E9B /* HomeView.swift in Sources */,
				8D95137D2AAB091400A30E9B /* RegistrationView.swift in Sources */,
				8D6F5CEF2AA3EABF006184CC /* ViewController.swift in Sources */,
				8D9513782AAAFDC100A30E9B /* LoginViewPresenter.swift in Sources */,
				8D6B80D52AA88451009DF810 /* BaseViewController.swift in Sources */,
				8D6F5CEB2AA3EABF006184CC /* AppDelegate.swift in Sources */,
				8D6F5CED2AA3EABF006184CC /* SceneDelegate.swift in Sources */,
				8D6B80D72AA885A5009DF810 /* FlowController.swift in Sources */,
				8D6B80C62AA861A5009DF810 /* Assets.swift in Sources */,
				8D95136E2AAA184E00A30E9B /* HomeViewController.swift in Sources */,
				8D9513812AAB309A00A30E9B /* BaseAPI.swift in Sources */,
				8D6B80DB2AA887C1009DF810 /* UIWindow+RootTransitionExtension.swift in Sources */,
				8D6B80D02AA88201009DF810 /* SplashScreenView.swift in Sources */,
				8D6B80C52AA861A5009DF810 /* StoryboardScenes.swift in Sources */,
				8D9513762AAAFDB500A30E9B /* LoginView.swift in Sources */,
				8D6B80C82AA861A5009DF810 /* Strings.swift in Sources */,
			);
			runOnlyForDeploymentPostprocessing = 0;
		};
/* End PBXSourcesBuildPhase section */

/* Begin PBXVariantGroup section */
		8D6B80BD2AA8617D009DF810 /* Localizable.strings */ = {
			isa = PBXVariantGroup;
			children = (
				8D6B80BE2AA8617D009DF810 /* en */,
			);
			name = Localizable.strings;
			sourceTree = "<group>";
		};
/* End PBXVariantGroup section */

/* Begin XCBuildConfiguration section */
		8D6F5CF92AA3EAC0006184CC /* Debug */ = {
			isa = XCBuildConfiguration;
			buildSettings = {
				ALWAYS_SEARCH_USER_PATHS = NO;
				CLANG_ANALYZER_NONNULL = YES;
				CLANG_ANALYZER_NUMBER_OBJECT_CONVERSION = YES_AGGRESSIVE;
				CLANG_CXX_LANGUAGE_STANDARD = "gnu++17";
				CLANG_CXX_LIBRARY = "libc++";
				CLANG_ENABLE_MODULES = YES;
				CLANG_ENABLE_OBJC_ARC = YES;
				CLANG_ENABLE_OBJC_WEAK = YES;
				CLANG_WARN_BLOCK_CAPTURE_AUTORELEASING = YES;
				CLANG_WARN_BOOL_CONVERSION = YES;
				CLANG_WARN_COMMA = YES;
				CLANG_WARN_CONSTANT_CONVERSION = YES;
				CLANG_WARN_DEPRECATED_OBJC_IMPLEMENTATIONS = YES;
				CLANG_WARN_DIRECT_OBJC_ISA_USAGE = YES_ERROR;
				CLANG_WARN_DOCUMENTATION_COMMENTS = YES;
				CLANG_WARN_EMPTY_BODY = YES;
				CLANG_WARN_ENUM_CONVERSION = YES;
				CLANG_WARN_INFINITE_RECURSION = YES;
				CLANG_WARN_INT_CONVERSION = YES;
				CLANG_WARN_NON_LITERAL_NULL_CONVERSION = YES;
				CLANG_WARN_OBJC_IMPLICIT_RETAIN_SELF = YES;
				CLANG_WARN_OBJC_LITERAL_CONVERSION = YES;
				CLANG_WARN_OBJC_ROOT_CLASS = YES_ERROR;
				CLANG_WARN_QUOTED_INCLUDE_IN_FRAMEWORK_HEADER = YES;
				CLANG_WARN_RANGE_LOOP_ANALYSIS = YES;
				CLANG_WARN_STRICT_PROTOTYPES = YES;
				CLANG_WARN_SUSPICIOUS_MOVE = YES;
				CLANG_WARN_UNGUARDED_AVAILABILITY = YES_AGGRESSIVE;
				CLANG_WARN_UNREACHABLE_CODE = YES;
				CLANG_WARN__DUPLICATE_METHOD_MATCH = YES;
				COPY_PHASE_STRIP = NO;
				DEBUG_INFORMATION_FORMAT = dwarf;
				ENABLE_STRICT_OBJC_MSGSEND = YES;
				ENABLE_TESTABILITY = YES;
				GCC_C_LANGUAGE_STANDARD = gnu11;
				GCC_DYNAMIC_NO_PIC = NO;
				GCC_NO_COMMON_BLOCKS = YES;
				GCC_OPTIMIZATION_LEVEL = 0;
				GCC_PREPROCESSOR_DEFINITIONS = (
					"DEBUG=1",
					"$(inherited)",
				);
				GCC_WARN_64_TO_32_BIT_CONVERSION = YES;
				GCC_WARN_ABOUT_RETURN_TYPE = YES_ERROR;
				GCC_WARN_UNDECLARED_SELECTOR = YES;
				GCC_WARN_UNINITIALIZED_AUTOS = YES_AGGRESSIVE;
				GCC_WARN_UNUSED_FUNCTION = YES;
				GCC_WARN_UNUSED_VARIABLE = YES;
				IPHONEOS_DEPLOYMENT_TARGET = 15.2;
				MTL_ENABLE_DEBUG_INFO = INCLUDE_SOURCE;
				MTL_FAST_MATH = YES;
				ONLY_ACTIVE_ARCH = YES;
				SDKROOT = iphoneos;
				SWIFT_ACTIVE_COMPILATION_CONDITIONS = DEBUG;
				SWIFT_OPTIMIZATION_LEVEL = "-Onone";
			};
			name = Debug;
		};
		8D6F5CFA2AA3EAC0006184CC /* Release */ = {
			isa = XCBuildConfiguration;
			buildSettings = {
				ALWAYS_SEARCH_USER_PATHS = NO;
				CLANG_ANALYZER_NONNULL = YES;
				CLANG_ANALYZER_NUMBER_OBJECT_CONVERSION = YES_AGGRESSIVE;
				CLANG_CXX_LANGUAGE_STANDARD = "gnu++17";
				CLANG_CXX_LIBRARY = "libc++";
				CLANG_ENABLE_MODULES = YES;
				CLANG_ENABLE_OBJC_ARC = YES;
				CLANG_ENABLE_OBJC_WEAK = YES;
				CLANG_WARN_BLOCK_CAPTURE_AUTORELEASING = YES;
				CLANG_WARN_BOOL_CONVERSION = YES;
				CLANG_WARN_COMMA = YES;
				CLANG_WARN_CONSTANT_CONVERSION = YES;
				CLANG_WARN_DEPRECATED_OBJC_IMPLEMENTATIONS = YES;
				CLANG_WARN_DIRECT_OBJC_ISA_USAGE = YES_ERROR;
				CLANG_WARN_DOCUMENTATION_COMMENTS = YES;
				CLANG_WARN_EMPTY_BODY = YES;
				CLANG_WARN_ENUM_CONVERSION = YES;
				CLANG_WARN_INFINITE_RECURSION = YES;
				CLANG_WARN_INT_CONVERSION = YES;
				CLANG_WARN_NON_LITERAL_NULL_CONVERSION = YES;
				CLANG_WARN_OBJC_IMPLICIT_RETAIN_SELF = YES;
				CLANG_WARN_OBJC_LITERAL_CONVERSION = YES;
				CLANG_WARN_OBJC_ROOT_CLASS = YES_ERROR;
				CLANG_WARN_QUOTED_INCLUDE_IN_FRAMEWORK_HEADER = YES;
				CLANG_WARN_RANGE_LOOP_ANALYSIS = YES;
				CLANG_WARN_STRICT_PROTOTYPES = YES;
				CLANG_WARN_SUSPICIOUS_MOVE = YES;
				CLANG_WARN_UNGUARDED_AVAILABILITY = YES_AGGRESSIVE;
				CLANG_WARN_UNREACHABLE_CODE = YES;
				CLANG_WARN__DUPLICATE_METHOD_MATCH = YES;
				COPY_PHASE_STRIP = NO;
				DEBUG_INFORMATION_FORMAT = "dwarf-with-dsym";
				ENABLE_NS_ASSERTIONS = NO;
				ENABLE_STRICT_OBJC_MSGSEND = YES;
				GCC_C_LANGUAGE_STANDARD = gnu11;
				GCC_NO_COMMON_BLOCKS = YES;
				GCC_WARN_64_TO_32_BIT_CONVERSION = YES;
				GCC_WARN_ABOUT_RETURN_TYPE = YES_ERROR;
				GCC_WARN_UNDECLARED_SELECTOR = YES;
				GCC_WARN_UNINITIALIZED_AUTOS = YES_AGGRESSIVE;
				GCC_WARN_UNUSED_FUNCTION = YES;
				GCC_WARN_UNUSED_VARIABLE = YES;
				IPHONEOS_DEPLOYMENT_TARGET = 15.2;
				MTL_ENABLE_DEBUG_INFO = NO;
				MTL_FAST_MATH = YES;
				SDKROOT = iphoneos;
				SWIFT_COMPILATION_MODE = wholemodule;
				SWIFT_OPTIMIZATION_LEVEL = "-O";
				VALIDATE_PRODUCT = YES;
			};
			name = Release;
		};
		8D6F5CFC2AA3EAC0006184CC /* Debug */ = {
			isa = XCBuildConfiguration;
			baseConfigurationReference = 7B43CDD8A64CF72BA1F51449 /* Pods-BIT Reminder.debug.xcconfig */;
			buildSettings = {
				ASSETCATALOG_COMPILER_APPICON_NAME = AppIcon;
				ASSETCATALOG_COMPILER_GLOBAL_ACCENT_COLOR_NAME = AccentColor;
				CODE_SIGN_STYLE = Automatic;
				CURRENT_PROJECT_VERSION = 1;
				DEVELOPMENT_TEAM = WJRVW4JJ9W;
				GENERATE_INFOPLIST_FILE = YES;
				INFOPLIST_FILE = "BIT Reminder/Info.plist";
				INFOPLIST_KEY_UIApplicationSupportsIndirectInputEvents = YES;
				INFOPLIST_KEY_UILaunchStoryboardName = Authentification.storyboard;
				INFOPLIST_KEY_UIMainStoryboardFile = Authentification;
				INFOPLIST_KEY_UISupportedInterfaceOrientations = UIInterfaceOrientationPortrait;
				LD_RUNPATH_SEARCH_PATHS = (
					"$(inherited)",
					"@executable_path/Frameworks",
				);
				MARKETING_VERSION = 1.0;
				PRODUCT_BUNDLE_IDENTIFIER = "com.bitnovisad.bitreminder.BIT-Reminder";
				PRODUCT_NAME = "$(TARGET_NAME)";
				SWIFT_EMIT_LOC_STRINGS = YES;
				SWIFT_VERSION = 5.0;
				TARGETED_DEVICE_FAMILY = "1,2";
			};
			name = Debug;
		};
		8D6F5CFD2AA3EAC0006184CC /* Release */ = {
			isa = XCBuildConfiguration;
			baseConfigurationReference = 6F4ED9D45104BC656CBEF8E6 /* Pods-BIT Reminder.release.xcconfig */;
			buildSettings = {
				ASSETCATALOG_COMPILER_APPICON_NAME = AppIcon;
				ASSETCATALOG_COMPILER_GLOBAL_ACCENT_COLOR_NAME = AccentColor;
				CODE_SIGN_STYLE = Automatic;
				CURRENT_PROJECT_VERSION = 1;
				DEVELOPMENT_TEAM = WJRVW4JJ9W;
				GENERATE_INFOPLIST_FILE = YES;
				INFOPLIST_FILE = "BIT Reminder/Info.plist";
				INFOPLIST_KEY_UIApplicationSupportsIndirectInputEvents = YES;
				INFOPLIST_KEY_UILaunchStoryboardName = Authentification.storyboard;
				INFOPLIST_KEY_UIMainStoryboardFile = Authentification;
				INFOPLIST_KEY_UISupportedInterfaceOrientations = UIInterfaceOrientationPortrait;
				LD_RUNPATH_SEARCH_PATHS = (
					"$(inherited)",
					"@executable_path/Frameworks",
				);
				MARKETING_VERSION = 1.0;
				PRODUCT_BUNDLE_IDENTIFIER = "com.bitnovisad.bitreminder.BIT-Reminder";
				PRODUCT_NAME = "$(TARGET_NAME)";
				SWIFT_EMIT_LOC_STRINGS = YES;
				SWIFT_VERSION = 5.0;
				TARGETED_DEVICE_FAMILY = "1,2";
			};
			name = Release;
		};
/* End XCBuildConfiguration section */

/* Begin XCConfigurationList section */
		8D6F5CE22AA3EABF006184CC /* Build configuration list for PBXProject "BIT Reminder" */ = {
			isa = XCConfigurationList;
			buildConfigurations = (
				8D6F5CF92AA3EAC0006184CC /* Debug */,
				8D6F5CFA2AA3EAC0006184CC /* Release */,
			);
			defaultConfigurationIsVisible = 0;
			defaultConfigurationName = Release;
		};
		8D6F5CFB2AA3EAC0006184CC /* Build configuration list for PBXNativeTarget "BIT Reminder" */ = {
			isa = XCConfigurationList;
			buildConfigurations = (
				8D6F5CFC2AA3EAC0006184CC /* Debug */,
				8D6F5CFD2AA3EAC0006184CC /* Release */,
			);
			defaultConfigurationIsVisible = 0;
			defaultConfigurationName = Release;
		};
/* End XCConfigurationList section */

/* Begin XCRemoteSwiftPackageReference section */
		8D9513822AAB327A00A30E9B /* XCRemoteSwiftPackageReference "supabase-swift" */ = {
			isa = XCRemoteSwiftPackageReference;
			repositoryURL = "https://github.com/supabase/supabase-swift.git";
			requirement = {
				kind = upToNextMajorVersion;
				minimumVersion = 0.3.0;
			};
		};
/* End XCRemoteSwiftPackageReference section */

/* Begin XCSwiftPackageProductDependency section */
		8D9513832AAB327A00A30E9B /* Supabase */ = {
			isa = XCSwiftPackageProductDependency;
			package = 8D9513822AAB327A00A30E9B /* XCRemoteSwiftPackageReference "supabase-swift" */;
			productName = Supabase;
		};
/* End XCSwiftPackageProductDependency section */
	};
	rootObject = 8D6F5CDF2AA3EABF006184CC /* Project object */;
}
